
Microsoft Visual Studio Solution File, Format Version 12.00
# Visual Studio Version 17
VisualStudioVersion = 17.3.32929.385
MinimumVisualStudioVersion = 10.0.40219.1
Project("{FAE04EC0-301F-11D3-BF4B-00C04F79EFBC}") = "KomisijaURIS", "KomisijaURIS\KomisijaURIS.csproj", "{359E96CE-BA3B-4517-B110-4C07440128CD}"
EndProject
Global
	GlobalSection(SolutionConfigurationPlatforms) = preSolution
		Debug|Any CPU = Debug|Any CPU
		Release|Any CPU = Release|Any CPU
	EndGlobalSection
	GlobalSection(ProjectConfigurationPlatforms) = postSolution
		{359E96CE-BA3B-4517-B110-4C07440128CD}.Debug|Any CPU.ActiveCfg = Debug|Any CPU
		{359E96CE-BA3B-4517-B110-4C07440128CD}.Debug|Any CPU.Build.0 = Debug|Any CPU
		{359E96CE-BA3B-4517-B110-4C07440128CD}.Release|Any CPU.ActiveCfg = Release|Any CPU
		{359E96CE-BA3B-4517-B110-4C07440128CD}.Release|Any CPU.Build.0 = Release|Any CPU
	EndGlobalSection
	GlobalSection(SolutionProperties) = preSolution
		HideSolutionNode = FALSE
	EndGlobalSection
	GlobalSection(ExtensibilityGlobals) = postSolution
		SolutionGuid = {6FA17339-84CB-4AA8-86B4-4700202FBF55}
	EndGlobalSection
EndGlobal
