
Microsoft Visual Studio Solution File, Format Version 12.00
# Visual Studio Version 17
VisualStudioVersion = 17.4.33213.308
MinimumVisualStudioVersion = 10.0.40219.1
Project("{FAE04EC0-301F-11D3-BF4B-00C04F79EFBC}") = "Gateway", "Gateway\Gateway.csproj", "{68B76731-8175-4D27-A744-90FF16831C9C}"
EndProject
Global
	GlobalSection(SolutionConfigurationPlatforms) = preSolution
		Debug|Any CPU = Debug|Any CPU
		Release|Any CPU = Release|Any CPU
	EndGlobalSection
	GlobalSection(ProjectConfigurationPlatforms) = postSolution
		{68B76731-8175-4D27-A744-90FF16831C9C}.Debug|Any CPU.ActiveCfg = Debug|Any CPU
		{68B76731-8175-4D27-A744-90FF16831C9C}.Debug|Any CPU.Build.0 = Debug|Any CPU
		{68B76731-8175-4D27-A744-90FF16831C9C}.Release|Any CPU.ActiveCfg = Release|Any CPU
		{68B76731-8175-4D27-A744-90FF16831C9C}.Release|Any CPU.Build.0 = Release|Any CPU
	EndGlobalSection
	GlobalSection(SolutionProperties) = preSolution
		HideSolutionNode = FALSE
	EndGlobalSection
	GlobalSection(ExtensibilityGlobals) = postSolution
		SolutionGuid = {AFC1B2D7-6F17-4FC3-8365-F1649872EA6D}
	EndGlobalSection
EndGlobal
