
Microsoft Visual Studio Solution File, Format Version 12.00
# Visual Studio Version 17
VisualStudioVersion = 17.3.32929.385
MinimumVisualStudioVersion = 10.0.40219.1
Project("{9A19103F-16F7-4668-BE54-9A1E7A4F7556}") = "KupacServis", "KupacServis\KupacServis.csproj", "{1E751926-AE49-478B-8FE1-C7AAAF175CAA}"
EndProject
Global
	GlobalSection(SolutionConfigurationPlatforms) = preSolution
		Debug|Any CPU = Debug|Any CPU
		Release|Any CPU = Release|Any CPU
	EndGlobalSection
	GlobalSection(ProjectConfigurationPlatforms) = postSolution
		{1E751926-AE49-478B-8FE1-C7AAAF175CAA}.Debug|Any CPU.ActiveCfg = Debug|Any CPU
		{1E751926-AE49-478B-8FE1-C7AAAF175CAA}.Debug|Any CPU.Build.0 = Debug|Any CPU
		{1E751926-AE49-478B-8FE1-C7AAAF175CAA}.Release|Any CPU.ActiveCfg = Release|Any CPU
		{1E751926-AE49-478B-8FE1-C7AAAF175CAA}.Release|Any CPU.Build.0 = Release|Any CPU
	EndGlobalSection
	GlobalSection(SolutionProperties) = preSolution
		HideSolutionNode = FALSE
	EndGlobalSection
	GlobalSection(ExtensibilityGlobals) = postSolution
		SolutionGuid = {B05B85BB-E3A3-4B59-8C96-26B4C77F9FCC}
	EndGlobalSection
EndGlobal
