
Microsoft Visual Studio Solution File, Format Version 12.00
# Visual Studio Version 17
VisualStudioVersion = 17.4.33213.308
MinimumVisualStudioVersion = 10.0.40219.1
Project("{FAE04EC0-301F-11D3-BF4B-00C04F79EFBC}") = "Uris", "Uris\Uris.csproj", "{42743384-88D4-48AF-9013-FA64763E60C9}"
EndProject
Global
	GlobalSection(SolutionConfigurationPlatforms) = preSolution
		Debug|Any CPU = Debug|Any CPU
		Release|Any CPU = Release|Any CPU
	EndGlobalSection
	GlobalSection(ProjectConfigurationPlatforms) = postSolution
		{42743384-88D4-48AF-9013-FA64763E60C9}.Debug|Any CPU.ActiveCfg = Debug|Any CPU
		{42743384-88D4-48AF-9013-FA64763E60C9}.Debug|Any CPU.Build.0 = Debug|Any CPU
		{42743384-88D4-48AF-9013-FA64763E60C9}.Release|Any CPU.ActiveCfg = Release|Any CPU
		{42743384-88D4-48AF-9013-FA64763E60C9}.Release|Any CPU.Build.0 = Release|Any CPU
	EndGlobalSection
	GlobalSection(SolutionProperties) = preSolution
		HideSolutionNode = FALSE
	EndGlobalSection
	GlobalSection(ExtensibilityGlobals) = postSolution
		SolutionGuid = {33F267CC-41BC-414B-A50D-47EA78A80A4D}
	EndGlobalSection
EndGlobal
