
Microsoft Visual Studio Solution File, Format Version 12.00
# Visual Studio Version 17
VisualStudioVersion = 17.3.32929.385
MinimumVisualStudioVersion = 10.0.40219.1
Project("{FAE04EC0-301F-11D3-BF4B-00C04F79EFBC}") = "ZalbaService", "ZalbaService\ZalbaService.csproj", "{25144AAC-FD9C-496F-89CE-D088150F24E7}"
EndProject
Global
	GlobalSection(SolutionConfigurationPlatforms) = preSolution
		Debug|Any CPU = Debug|Any CPU
		Release|Any CPU = Release|Any CPU
	EndGlobalSection
	GlobalSection(ProjectConfigurationPlatforms) = postSolution
		{25144AAC-FD9C-496F-89CE-D088150F24E7}.Debug|Any CPU.ActiveCfg = Debug|Any CPU
		{25144AAC-FD9C-496F-89CE-D088150F24E7}.Debug|Any CPU.Build.0 = Debug|Any CPU
		{25144AAC-FD9C-496F-89CE-D088150F24E7}.Release|Any CPU.ActiveCfg = Release|Any CPU
		{25144AAC-FD9C-496F-89CE-D088150F24E7}.Release|Any CPU.Build.0 = Release|Any CPU
	EndGlobalSection
	GlobalSection(SolutionProperties) = preSolution
		HideSolutionNode = FALSE
	EndGlobalSection
	GlobalSection(ExtensibilityGlobals) = postSolution
		SolutionGuid = {2B71023B-07C2-4CA9-A8AF-4EBBD6DF29E7}
	EndGlobalSection
EndGlobal
